
Microsoft Visual Studio Solution File, Format Version 12.00
# Visual Studio 15
VisualStudioVersion = 15.0.27703.2042
MinimumVisualStudioVersion = 10.0.40219.1
Project("{FAE04EC0-301F-11D3-BF4B-00C04F79EFBC}") = "TestNpoiCore", "TestNpoiCore\TestNpoiCore.csproj", "{B059A024-9FC3-4ED7-9626-E07A16418F02}"
EndProject
Global
	GlobalSection(SolutionConfigurationPlatforms) = preSolution
		Debug|Any CPU = Debug|Any CPU
		Release|Any CPU = Release|Any CPU
	EndGlobalSection
	GlobalSection(ProjectConfigurationPlatforms) = postSolution
		{B059A024-9FC3-4ED7-9626-E07A16418F02}.Debug|Any CPU.ActiveCfg = Debug|Any CPU
		{B059A024-9FC3-4ED7-9626-E07A16418F02}.Debug|Any CPU.Build.0 = Debug|Any CPU
		{B059A024-9FC3-4ED7-9626-E07A16418F02}.Release|Any CPU.ActiveCfg = Release|Any CPU
		{B059A024-9FC3-4ED7-9626-E07A16418F02}.Release|Any CPU.Build.0 = Release|Any CPU
	EndGlobalSection
	GlobalSection(SolutionProperties) = preSolution
		HideSolutionNode = FALSE
	EndGlobalSection
	GlobalSection(ExtensibilityGlobals) = postSolution
		SolutionGuid = {69FF3A88-F5D5-477B-A80B-F6C85E9E5703}
	EndGlobalSection
EndGlobal
